// !$*UTF8*$!
{
	archiveVersion = 1;
	classes = {
	};
	objectVersion = 50;
	objects = {

/* Begin PBXBuildFile section */
		6BAA4D8B22213B5A007E7D90 /* AppDelegate.swift in Sources */ = {isa = PBXBuildFile; fileRef = 6BAA4D8A22213B5A007E7D90 /* AppDelegate.swift */; };
		6BAA4D8D22213B5A007E7D90 /* ViewController.swift in Sources */ = {isa = PBXBuildFile; fileRef = 6BAA4D8C22213B5A007E7D90 /* ViewController.swift */; };
		6BAA4D9022213B5A007E7D90 /* Main.storyboard in Resources */ = {isa = PBXBuildFile; fileRef = 6BAA4D8E22213B5A007E7D90 /* Main.storyboard */; };
		6BAA4D9222213B5E007E7D90 /* Assets.xcassets in Resources */ = {isa = PBXBuildFile; fileRef = 6BAA4D9122213B5E007E7D90 /* Assets.xcassets */; };
		6BAA4D9522213B5E007E7D90 /* LaunchScreen.storyboard in Resources */ = {isa = PBXBuildFile; fileRef = 6BAA4D9322213B5E007E7D90 /* LaunchScreen.storyboard */; };
		6BAA4DA022213B60007E7D90 /* NativeSampleiOSTests.swift in Sources */ = {isa = PBXBuildFile; fileRef = 6BAA4D9F22213B60007E7D90 /* NativeSampleiOSTests.swift */; };
		6BAA4DAB22213B60007E7D90 /* NativeSampleiOSUITests.swift in Sources */ = {isa = PBXBuildFile; fileRef = 6BAA4DAA22213B60007E7D90 /* NativeSampleiOSUITests.swift */; };
		6BAA4DB922213BE4007E7D90 /* SharedCode.framework in Frameworks */ = {isa = PBXBuildFile; fileRef = 6BAA4DB822213BE4007E7D90 /* SharedCode.framework */; };
		6BAA4DBA22213BE4007E7D90 /* SharedCode.framework in Embed Frameworks */ = {isa = PBXBuildFile; fileRef = 6BAA4DB822213BE4007E7D90 /* SharedCode.framework */; settings = {ATTRIBUTES = (CodeSignOnCopy, RemoveHeadersOnCopy, ); }; };
/* End PBXBuildFile section */

/* Begin PBXContainerItemProxy section */
		6BAA4D9C22213B60007E7D90 /* PBXContainerItemProxy */ = {
			isa = PBXContainerItemProxy;
			containerPortal = 6BAA4D7F22213B5A007E7D90 /* Project object */;
			proxyType = 1;
			remoteGlobalIDString = 6BAA4D8622213B5A007E7D90;
			remoteInfo = NativeSampleiOS;
		};
		6BAA4DA722213B60007E7D90 /* PBXContainerItemProxy */ = {
			isa = PBXContainerItemProxy;
			containerPortal = 6BAA4D7F22213B5A007E7D90 /* Project object */;
			proxyType = 1;
			remoteGlobalIDString = 6BAA4D8622213B5A007E7D90;
			remoteInfo = NativeSampleiOS;
		};
/* End PBXContainerItemProxy section */

/* Begin PBXCopyFilesBuildPhase section */
		6BAA4DBB22213BE4007E7D90 /* Embed Frameworks */ = {
			isa = PBXCopyFilesBuildPhase;
			buildActionMask = 2147483647;
			dstPath = "";
			dstSubfolderSpec = 10;
			files = (
				6BAA4DBA22213BE4007E7D90 /* SharedCode.framework in Embed Frameworks */,
			);
			name = "Embed Frameworks";
			runOnlyForDeploymentPostprocessing = 0;
		};
/* End PBXCopyFilesBuildPhase section */

/* Begin PBXFileReference section */
		6BAA4D8722213B5A007E7D90 /* NativeSampleiOS.app */ = {isa = PBXFileReference; explicitFileType = wrapper.application; includeInIndex = 0; path = NativeSampleiOS.app; sourceTree = BUILT_PRODUCTS_DIR; };
		6BAA4D8A22213B5A007E7D90 /* AppDelegate.swift */ = {isa = PBXFileReference; lastKnownFileType = sourcecode.swift; path = AppDelegate.swift; sourceTree = "<group>"; };
		6BAA4D8C22213B5A007E7D90 /* ViewController.swift */ = {isa = PBXFileReference; lastKnownFileType = sourcecode.swift; path = ViewController.swift; sourceTree = "<group>"; };
		6BAA4D8F22213B5A007E7D90 /* Base */ = {isa = PBXFileReference; lastKnownFileType = file.storyboard; name = Base; path = Base.lproj/Main.storyboard; sourceTree = "<group>"; };
		6BAA4D9122213B5E007E7D90 /* Assets.xcassets */ = {isa = PBXFileReference; lastKnownFileType = folder.assetcatalog; path = Assets.xcassets; sourceTree = "<group>"; };
		6BAA4D9422213B5E007E7D90 /* Base */ = {isa = PBXFileReference; lastKnownFileType = file.storyboard; name = Base; path = Base.lproj/LaunchScreen.storyboard; sourceTree = "<group>"; };
		6BAA4D9622213B5E007E7D90 /* Info.plist */ = {isa = PBXFileReference; lastKnownFileType = text.plist.xml; path = Info.plist; sourceTree = "<group>"; };
		6BAA4D9B22213B60007E7D90 /* NativeSampleiOSTests.xctest */ = {isa = PBXFileReference; explicitFileType = wrapper.cfbundle; includeInIndex = 0; path = NativeSampleiOSTests.xctest; sourceTree = BUILT_PRODUCTS_DIR; };
		6BAA4D9F22213B60007E7D90 /* NativeSampleiOSTests.swift */ = {isa = PBXFileReference; lastKnownFileType = sourcecode.swift; path = NativeSampleiOSTests.swift; sourceTree = "<group>"; };
		6BAA4DA122213B60007E7D90 /* Info.plist */ = {isa = PBXFileReference; lastKnownFileType = text.plist.xml; path = Info.plist; sourceTree = "<group>"; };
		6BAA4DA622213B60007E7D90 /* NativeSampleiOSUITests.xctest */ = {isa = PBXFileReference; explicitFileType = wrapper.cfbundle; includeInIndex = 0; path = NativeSampleiOSUITests.xctest; sourceTree = BUILT_PRODUCTS_DIR; };
		6BAA4DAA22213B60007E7D90 /* NativeSampleiOSUITests.swift */ = {isa = PBXFileReference; lastKnownFileType = sourcecode.swift; path = NativeSampleiOSUITests.swift; sourceTree = "<group>"; };
		6BAA4DAC22213B60007E7D90 /* Info.plist */ = {isa = PBXFileReference; lastKnownFileType = text.plist.xml; path = Info.plist; sourceTree = "<group>"; };
		6BAA4DB822213BE4007E7D90 /* SharedCode.framework */ = {isa = PBXFileReference; lastKnownFileType = wrapper.framework; path = SharedCode.framework; sourceTree = "<group>"; };
/* End PBXFileReference section */

/* Begin PBXFrameworksBuildPhase section */
		6BAA4D8422213B5A007E7D90 /* Frameworks */ = {
			isa = PBXFrameworksBuildPhase;
			buildActionMask = 2147483647;
			files = (
				6BAA4DB922213BE4007E7D90 /* SharedCode.framework in Frameworks */,
			);
			runOnlyForDeploymentPostprocessing = 0;
		};
		6BAA4D9822213B60007E7D90 /* Frameworks */ = {
			isa = PBXFrameworksBuildPhase;
			buildActionMask = 2147483647;
			files = (
			);
			runOnlyForDeploymentPostprocessing = 0;
		};
		6BAA4DA322213B60007E7D90 /* Frameworks */ = {
			isa = PBXFrameworksBuildPhase;
			buildActionMask = 2147483647;
			files = (
			);
			runOnlyForDeploymentPostprocessing = 0;
		};
/* End PBXFrameworksBuildPhase section */

/* Begin PBXGroup section */
		6BAA4D7E22213B5A007E7D90 = {
			isa = PBXGroup;
			children = (
				6BAA4DB822213BE4007E7D90 /* SharedCode.framework */,
				6BAA4D8922213B5A007E7D90 /* NativeSampleiOS */,
				6BAA4D9E22213B60007E7D90 /* NativeSampleiOSTests */,
				6BAA4DA922213B60007E7D90 /* NativeSampleiOSUITests */,
				6BAA4D8822213B5A007E7D90 /* Products */,
			);
			sourceTree = "<group>";
		};
		6BAA4D8822213B5A007E7D90 /* Products */ = {
			isa = PBXGroup;
			children = (
				6BAA4D8722213B5A007E7D90 /* NativeSampleiOS.app */,
				6BAA4D9B22213B60007E7D90 /* NativeSampleiOSTests.xctest */,
				6BAA4DA622213B60007E7D90 /* NativeSampleiOSUITests.xctest */,
			);
			name = Products;
			sourceTree = "<group>";
		};
		6BAA4D8922213B5A007E7D90 /* NativeSampleiOS */ = {
			isa = PBXGroup;
			children = (
				6BAA4D8A22213B5A007E7D90 /* AppDelegate.swift */,
				6BAA4D8C22213B5A007E7D90 /* ViewController.swift */,
				6BAA4D8E22213B5A007E7D90 /* Main.storyboard */,
				6BAA4D9122213B5E007E7D90 /* Assets.xcassets */,
				6BAA4D9322213B5E007E7D90 /* LaunchScreen.storyboard */,
				6BAA4D9622213B5E007E7D90 /* Info.plist */,
			);
			path = NativeSampleiOS;
			sourceTree = "<group>";
		};
		6BAA4D9E22213B60007E7D90 /* NativeSampleiOSTests */ = {
			isa = PBXGroup;
			children = (
				6BAA4D9F22213B60007E7D90 /* NativeSampleiOSTests.swift */,
				6BAA4DA122213B60007E7D90 /* Info.plist */,
			);
			path = NativeSampleiOSTests;
			sourceTree = "<group>";
		};
		6BAA4DA922213B60007E7D90 /* NativeSampleiOSUITests */ = {
			isa = PBXGroup;
			children = (
				6BAA4DAA22213B60007E7D90 /* NativeSampleiOSUITests.swift */,
				6BAA4DAC22213B60007E7D90 /* Info.plist */,
			);
			path = NativeSampleiOSUITests;
			sourceTree = "<group>";
		};
/* End PBXGroup section */

/* Begin PBXNativeTarget section */
		6BAA4D8622213B5A007E7D90 /* NativeSampleiOS */ = {
			isa = PBXNativeTarget;
			buildConfigurationList = 6BAA4DAF22213B60007E7D90 /* Build configuration list for PBXNativeTarget "NativeSampleiOS" */;
			buildPhases = (
				6BAA4D8322213B5A007E7D90 /* Sources */,
				6BAA4D8422213B5A007E7D90 /* Frameworks */,
				6BAA4D8522213B5A007E7D90 /* Resources */,
				6BAA4DBB22213BE4007E7D90 /* Embed Frameworks */,
				6BAA4DBC22213CA2007E7D90 /* Run Script */,
			);
			buildRules = (
			);
			dependencies = (
			);
			name = NativeSampleiOS;
			productName = NativeSampleiOS;
			productReference = 6BAA4D8722213B5A007E7D90 /* NativeSampleiOS.app */;
			productType = "com.apple.product-type.application";
		};
		6BAA4D9A22213B60007E7D90 /* NativeSampleiOSTests */ = {
			isa = PBXNativeTarget;
			buildConfigurationList = 6BAA4DB222213B60007E7D90 /* Build configuration list for PBXNativeTarget "NativeSampleiOSTests" */;
			buildPhases = (
				6BAA4D9722213B60007E7D90 /* Sources */,
				6BAA4D9822213B60007E7D90 /* Frameworks */,
				6BAA4D9922213B60007E7D90 /* Resources */,
			);
			buildRules = (
			);
			dependencies = (
				6BAA4D9D22213B60007E7D90 /* PBXTargetDependency */,
			);
			name = NativeSampleiOSTests;
			productName = NativeSampleiOSTests;
			productReference = 6BAA4D9B22213B60007E7D90 /* NativeSampleiOSTests.xctest */;
			productType = "com.apple.product-type.bundle.unit-test";
		};
		6BAA4DA522213B60007E7D90 /* NativeSampleiOSUITests */ = {
			isa = PBXNativeTarget;
			buildConfigurationList = 6BAA4DB522213B60007E7D90 /* Build configuration list for PBXNativeTarget "NativeSampleiOSUITests" */;
			buildPhases = (
				6BAA4DA222213B60007E7D90 /* Sources */,
				6BAA4DA322213B60007E7D90 /* Frameworks */,
				6BAA4DA422213B60007E7D90 /* Resources */,
			);
			buildRules = (
			);
			dependencies = (
				6BAA4DA822213B60007E7D90 /* PBXTargetDependency */,
			);
			name = NativeSampleiOSUITests;
			productName = NativeSampleiOSUITests;
			productReference = 6BAA4DA622213B60007E7D90 /* NativeSampleiOSUITests.xctest */;
			productType = "com.apple.product-type.bundle.ui-testing";
		};
/* End PBXNativeTarget section */

/* Begin PBXProject section */
		6BAA4D7F22213B5A007E7D90 /* Project object */ = {
			isa = PBXProject;
			attributes = {
				LastSwiftUpdateCheck = 1010;
				LastUpgradeCheck = 1010;
				ORGANIZATIONNAME = "Suita Fujino";
				TargetAttributes = {
					6BAA4D8622213B5A007E7D90 = {
						CreatedOnToolsVersion = 10.1;
					};
					6BAA4D9A22213B60007E7D90 = {
						CreatedOnToolsVersion = 10.1;
						TestTargetID = 6BAA4D8622213B5A007E7D90;
					};
					6BAA4DA522213B60007E7D90 = {
						CreatedOnToolsVersion = 10.1;
						TestTargetID = 6BAA4D8622213B5A007E7D90;
					};
				};
			};
			buildConfigurationList = 6BAA4D8222213B5A007E7D90 /* Build configuration list for PBXProject "NativeSampleiOS" */;
			compatibilityVersion = "Xcode 9.3";
			developmentRegion = en;
			hasScannedForEncodings = 0;
			knownRegions = (
				en,
				Base,
			);
			mainGroup = 6BAA4D7E22213B5A007E7D90;
			productRefGroup = 6BAA4D8822213B5A007E7D90 /* Products */;
			projectDirPath = "";
			projectRoot = "";
			targets = (
				6BAA4D8622213B5A007E7D90 /* NativeSampleiOS */,
				6BAA4D9A22213B60007E7D90 /* NativeSampleiOSTests */,
				6BAA4DA522213B60007E7D90 /* NativeSampleiOSUITests */,
			);
		};
/* End PBXProject section */

/* Begin PBXResourcesBuildPhase section */
		6BAA4D8522213B5A007E7D90 /* Resources */ = {
			isa = PBXResourcesBuildPhase;
			buildActionMask = 2147483647;
			files = (
				6BAA4D9522213B5E007E7D90 /* LaunchScreen.storyboard in Resources */,
				6BAA4D9222213B5E007E7D90 /* Assets.xcassets in Resources */,
				6BAA4D9022213B5A007E7D90 /* Main.storyboard in Resources */,
			);
			runOnlyForDeploymentPostprocessing = 0;
		};
		6BAA4D9922213B60007E7D90 /* Resources */ = {
			isa = PBXResourcesBuildPhase;
			buildActionMask = 2147483647;
			files = (
			);
			runOnlyForDeploymentPostprocessing = 0;
		};
		6BAA4DA422213B60007E7D90 /* Resources */ = {
			isa = PBXResourcesBuildPhase;
			buildActionMask = 2147483647;
			files = (
			);
			runOnlyForDeploymentPostprocessing = 0;
		};
/* End PBXResourcesBuildPhase section */

/* Begin PBXShellScriptBuildPhase section */
		6BAA4DBC22213CA2007E7D90 /* Run Script */ = {
			isa = PBXShellScriptBuildPhase;
			buildActionMask = 2147483647;
			files = (
			);
			inputFileListPaths = (
			);
			inputPaths = (
			);
			name = "Run Script";
			outputFileListPaths = (
			);
			outputPaths = (
			);
			runOnlyForDeploymentPostprocessing = 0;
			shellPath = /bin/sh;
			shellScript = "cd \"$SRCROOT/../SharedCode/build/xcode-frameworks\"\n./gradlew :SharedCode:packForXCode -PXCODE_CONFIGURATION=${CONFIGURATION}\n";
		};
/* End PBXShellScriptBuildPhase section */

/* Begin PBXSourcesBuildPhase section */
		6BAA4D8322213B5A007E7D90 /* Sources */ = {
			isa = PBXSourcesBuildPhase;
			buildActionMask = 2147483647;
			files = (
				6BAA4D8D22213B5A007E7D90 /* ViewController.swift in Sources */,
				6BAA4D8B22213B5A007E7D90 /* AppDelegate.swift in Sources */,
			);
			runOnlyForDeploymentPostprocessing = 0;
		};
		6BAA4D9722213B60007E7D90 /* Sources */ = {
			isa = PBXSourcesBuildPhase;
			buildActionMask = 2147483647;
			files = (
				6BAA4DA022213B60007E7D90 /* NativeSampleiOSTests.swift in Sources */,
			);
			runOnlyForDeploymentPostprocessing = 0;
		};
		6BAA4DA222213B60007E7D90 /* Sources */ = {
			isa = PBXSourcesBuildPhase;
			buildActionMask = 2147483647;
			files = (
				6BAA4DAB22213B60007E7D90 /* NativeSampleiOSUITests.swift in Sources */,
			);
			runOnlyForDeploymentPostprocessing = 0;
		};
/* End PBXSourcesBuildPhase section */

/* Begin PBXTargetDependency section */
		6BAA4D9D22213B60007E7D90 /* PBXTargetDependency */ = {
			isa = PBXTargetDependency;
			target = 6BAA4D8622213B5A007E7D90 /* NativeSampleiOS */;
			targetProxy = 6BAA4D9C22213B60007E7D90 /* PBXContainerItemProxy */;
		};
		6BAA4DA822213B60007E7D90 /* PBXTargetDependency */ = {
			isa = PBXTargetDependency;
			target = 6BAA4D8622213B5A007E7D90 /* NativeSampleiOS */;
			targetProxy = 6BAA4DA722213B60007E7D90 /* PBXContainerItemProxy */;
		};
/* End PBXTargetDependency section */

/* Begin PBXVariantGroup section */
		6BAA4D8E22213B5A007E7D90 /* Main.storyboard */ = {
			isa = PBXVariantGroup;
			children = (
				6BAA4D8F22213B5A007E7D90 /* Base */,
			);
			name = Main.storyboard;
			sourceTree = "<group>";
		};
		6BAA4D9322213B5E007E7D90 /* LaunchScreen.storyboard */ = {
			isa = PBXVariantGroup;
			children = (
				6BAA4D9422213B5E007E7D90 /* Base */,
			);
			name = LaunchScreen.storyboard;
			sourceTree = "<group>";
		};
/* End PBXVariantGroup section */

/* Begin XCBuildConfiguration section */
		6BAA4DAD22213B60007E7D90 /* Debug */ = {
			isa = XCBuildConfiguration;
			buildSettings = {
				ALWAYS_SEARCH_USER_PATHS = NO;
				CLANG_ANALYZER_NONNULL = YES;
				CLANG_ANALYZER_NUMBER_OBJECT_CONVERSION = YES_AGGRESSIVE;
				CLANG_CXX_LANGUAGE_STANDARD = "gnu++14";
				CLANG_CXX_LIBRARY = "libc++";
				CLANG_ENABLE_MODULES = YES;
				CLANG_ENABLE_OBJC_ARC = YES;
				CLANG_ENABLE_OBJC_WEAK = YES;
				CLANG_WARN_BLOCK_CAPTURE_AUTORELEASING = YES;
				CLANG_WARN_BOOL_CONVERSION = YES;
				CLANG_WARN_COMMA = YES;
				CLANG_WARN_CONSTANT_CONVERSION = YES;
				CLANG_WARN_DEPRECATED_OBJC_IMPLEMENTATIONS = YES;
				CLANG_WARN_DIRECT_OBJC_ISA_USAGE = YES_ERROR;
				CLANG_WARN_DOCUMENTATION_COMMENTS = YES;
				CLANG_WARN_EMPTY_BODY = YES;
				CLANG_WARN_ENUM_CONVERSION = YES;
				CLANG_WARN_INFINITE_RECURSION = YES;
				CLANG_WARN_INT_CONVERSION = YES;
				CLANG_WARN_NON_LITERAL_NULL_CONVERSION = YES;
				CLANG_WARN_OBJC_IMPLICIT_RETAIN_SELF = YES;
				CLANG_WARN_OBJC_LITERAL_CONVERSION = YES;
				CLANG_WARN_OBJC_ROOT_CLASS = YES_ERROR;
				CLANG_WARN_RANGE_LOOP_ANALYSIS = YES;
				CLANG_WARN_STRICT_PROTOTYPES = YES;
				CLANG_WARN_SUSPICIOUS_MOVE = YES;
				CLANG_WARN_UNGUARDED_AVAILABILITY = YES_AGGRESSIVE;
				CLANG_WARN_UNREACHABLE_CODE = YES;
				CLANG_WARN__DUPLICATE_METHOD_MATCH = YES;
				CODE_SIGN_IDENTITY = "iPhone Developer";
				COPY_PHASE_STRIP = NO;
				DEBUG_INFORMATION_FORMAT = dwarf;
				ENABLE_STRICT_OBJC_MSGSEND = YES;
				ENABLE_TESTABILITY = YES;
				GCC_C_LANGUAGE_STANDARD = gnu11;
				GCC_DYNAMIC_NO_PIC = NO;
				GCC_NO_COMMON_BLOCKS = YES;
				GCC_OPTIMIZATION_LEVEL = 0;
				GCC_PREPROCESSOR_DEFINITIONS = (
					"DEBUG=1",
					"$(inherited)",
				);
				GCC_WARN_64_TO_32_BIT_CONVERSION = YES;
				GCC_WARN_ABOUT_RETURN_TYPE = YES_ERROR;
				GCC_WARN_UNDECLARED_SELECTOR = YES;
				GCC_WARN_UNINITIALIZED_AUTOS = YES_AGGRESSIVE;
				GCC_WARN_UNUSED_FUNCTION = YES;
				GCC_WARN_UNUSED_VARIABLE = YES;
				IPHONEOS_DEPLOYMENT_TARGET = 12.1;
				MTL_ENABLE_DEBUG_INFO = INCLUDE_SOURCE;
				MTL_FAST_MATH = YES;
				ONLY_ACTIVE_ARCH = YES;
				SDKROOT = iphoneos;
				SWIFT_ACTIVE_COMPILATION_CONDITIONS = DEBUG;
				SWIFT_OPTIMIZATION_LEVEL = "-Onone";
			};
			name = Debug;
		};
		6BAA4DAE22213B60007E7D90 /* Release */ = {
			isa = XCBuildConfiguration;
			buildSettings = {
				ALWAYS_SEARCH_USER_PATHS = NO;
				CLANG_ANALYZER_NONNULL = YES;
				CLANG_ANALYZER_NUMBER_OBJECT_CONVERSION = YES_AGGRESSIVE;
				CLANG_CXX_LANGUAGE_STANDARD = "gnu++14";
				CLANG_CXX_LIBRARY = "libc++";
				CLANG_ENABLE_MODULES = YES;
				CLANG_ENABLE_OBJC_ARC = YES;
				CLANG_ENABLE_OBJC_WEAK = YES;
				CLANG_WARN_BLOCK_CAPTURE_AUTORELEASING = YES;
				CLANG_WARN_BOOL_CONVERSION = YES;
				CLANG_WARN_COMMA = YES;
				CLANG_WARN_CONSTANT_CONVERSION = YES;
				CLANG_WARN_DEPRECATED_OBJC_IMPLEMENTATIONS = YES;
				CLANG_WARN_DIRECT_OBJC_ISA_USAGE = YES_ERROR;
				CLANG_WARN_DOCUMENTATION_COMMENTS = YES;
				CLANG_WARN_EMPTY_BODY = YES;
				CLANG_WARN_ENUM_CONVERSION = YES;
				CLANG_WARN_INFINITE_RECURSION = YES;
				CLANG_WARN_INT_CONVERSION = YES;
				CLANG_WARN_NON_LITERAL_NULL_CONVERSION = YES;
				CLANG_WARN_OBJC_IMPLICIT_RETAIN_SELF = YES;
				CLANG_WARN_OBJC_LITERAL_CONVERSION = YES;
				CLANG_WARN_OBJC_ROOT_CLASS = YES_ERROR;
				CLANG_WARN_RANGE_LOOP_ANALYSIS = YES;
				CLANG_WARN_STRICT_PROTOTYPES = YES;
				CLANG_WARN_SUSPICIOUS_MOVE = YES;
				CLANG_WARN_UNGUARDED_AVAILABILITY = YES_AGGRESSIVE;
				CLANG_WARN_UNREACHABLE_CODE = YES;
				CLANG_WARN__DUPLICATE_METHOD_MATCH = YES;
				CODE_SIGN_IDENTITY = "iPhone Developer";
				COPY_PHASE_STRIP = NO;
				DEBUG_INFORMATION_FORMAT = "dwarf-with-dsym";
				ENABLE_NS_ASSERTIONS = NO;
				ENABLE_STRICT_OBJC_MSGSEND = YES;
				GCC_C_LANGUAGE_STANDARD = gnu11;
				GCC_NO_COMMON_BLOCKS = YES;
				GCC_WARN_64_TO_32_BIT_CONVERSION = YES;
				GCC_WARN_ABOUT_RETURN_TYPE = YES_ERROR;
				GCC_WARN_UNDECLARED_SELECTOR = YES;
				GCC_WARN_UNINITIALIZED_AUTOS = YES_AGGRESSIVE;
				GCC_WARN_UNUSED_FUNCTION = YES;
				GCC_WARN_UNUSED_VARIABLE = YES;
				IPHONEOS_DEPLOYMENT_TARGET = 12.1;
				MTL_ENABLE_DEBUG_INFO = NO;
				MTL_FAST_MATH = YES;
				SDKROOT = iphoneos;
				SWIFT_COMPILATION_MODE = wholemodule;
				SWIFT_OPTIMIZATION_LEVEL = "-O";
				VALIDATE_PRODUCT = YES;
			};
			name = Release;
		};
		6BAA4DB022213B60007E7D90 /* Debug */ = {
			isa = XCBuildConfiguration;
			buildSettings = {
				ASSETCATALOG_COMPILER_APPICON_NAME = AppIcon;
				CODE_SIGN_STYLE = Automatic;
				DEVELOPMENT_TEAM = TE5VXS8N2M;
				ENABLE_BITCODE = NO;
				FRAMEWORK_SEARCH_PATHS = (
					"$(inherited)",
					"$(PROJECT_DIR)",
					"/Users/fujino/AndroidStudioProjects/NativeSample/SharedCode/build/xcode-frameworks",
				);
				INFOPLIST_FILE = NativeSampleiOS/Info.plist;
				LD_RUNPATH_SEARCH_PATHS = (
					"$(inherited)",
					"@executable_path/Frameworks",
				);
				PRODUCT_BUNDLE_IDENTIFIER = com.flyingalpaca.NativeSampleiOS;
				PRODUCT_NAME = "$(TARGET_NAME)";
				SWIFT_VERSION = 4.2;
				TARGETED_DEVICE_FAMILY = "1,2";
			};
			name = Debug;
		};
		6BAA4DB122213B60007E7D90 /* Release */ = {
			isa = XCBuildConfiguration;
			buildSettings = {
				ASSETCATALOG_COMPILER_APPICON_NAME = AppIcon;
				CODE_SIGN_STYLE = Automatic;
				DEVELOPMENT_TEAM = TE5VXS8N2M;
				ENABLE_BITCODE = NO;
				FRAMEWORK_SEARCH_PATHS = (
					"$(inherited)",
					"$(PROJECT_DIR)",
					"/Users/fujino/AndroidStudioProjects/NativeSample/SharedCode/build/xcode-frameworks",
				);
				INFOPLIST_FILE = NativeSampleiOS/Info.plist;
				LD_RUNPATH_SEARCH_PATHS = (
					"$(inherited)",
					"@executable_path/Frameworks",
				);
				PRODUCT_BUNDLE_IDENTIFIER = com.flyingalpaca.NativeSampleiOS;
				PRODUCT_NAME = "$(TARGET_NAME)";
				SWIFT_VERSION = 4.2;
				TARGETED_DEVICE_FAMILY = "1,2";
			};
			name = Release;
		};
		6BAA4DB322213B60007E7D90 /* Debug */ = {
			isa = XCBuildConfiguration;
			buildSettings = {
				ALWAYS_EMBED_SWIFT_STANDARD_LIBRARIES = YES;
				BUNDLE_LOADER = "$(TEST_HOST)";
				CODE_SIGN_STYLE = Automatic;
				DEVELOPMENT_TEAM = TE5VXS8N2M;
				INFOPLIST_FILE = NativeSampleiOSTests/Info.plist;
				LD_RUNPATH_SEARCH_PATHS = (
					"$(inherited)",
					"@executable_path/Frameworks",
					"@loader_path/Frameworks",
				);
				PRODUCT_BUNDLE_IDENTIFIER = com.flyingalpaca.NativeSampleiOSTests;
				PRODUCT_NAME = "$(TARGET_NAME)";
				SWIFT_VERSION = 4.2;
				TARGETED_DEVICE_FAMILY = "1,2";
				TEST_HOST = "$(BUILT_PRODUCTS_DIR)/NativeSampleiOS.app/NativeSampleiOS";
			};
			name = Debug;
		};
		6BAA4DB422213B60007E7D90 /* Release */ = {
			isa = XCBuildConfiguration;
			buildSettings = {
				ALWAYS_EMBED_SWIFT_STANDARD_LIBRARIES = YES;
				BUNDLE_LOADER = "$(TEST_HOST)";
				CODE_SIGN_STYLE = Automatic;
				DEVELOPMENT_TEAM = TE5VXS8N2M;
				INFOPLIST_FILE = NativeSampleiOSTests/Info.plist;
				LD_RUNPATH_SEARCH_PATHS = (
					"$(inherited)",
					"@executable_path/Frameworks",
					"@loader_path/Frameworks",
				);
				PRODUCT_BUNDLE_IDENTIFIER = com.flyingalpaca.NativeSampleiOSTests;
				PRODUCT_NAME = "$(TARGET_NAME)";
				SWIFT_VERSION = 4.2;
				TARGETED_DEVICE_FAMILY = "1,2";
				TEST_HOST = "$(BUILT_PRODUCTS_DIR)/NativeSampleiOS.app/NativeSampleiOS";
			};
			name = Release;
		};
		6BAA4DB622213B60007E7D90 /* Debug */ = {
			isa = XCBuildConfiguration;
			buildSettings = {
				ALWAYS_EMBED_SWIFT_STANDARD_LIBRARIES = YES;
				CODE_SIGN_STYLE = Automatic;
				DEVELOPMENT_TEAM = TE5VXS8N2M;
				INFOPLIST_FILE = NativeSampleiOSUITests/Info.plist;
				LD_RUNPATH_SEARCH_PATHS = (
					"$(inherited)",
					"@executable_path/Frameworks",
					"@loader_path/Frameworks",
				);
				PRODUCT_BUNDLE_IDENTIFIER = com.flyingalpaca.NativeSampleiOSUITests;
				PRODUCT_NAME = "$(TARGET_NAME)";
				SWIFT_VERSION = 4.2;
				TARGETED_DEVICE_FAMILY = "1,2";
				TEST_TARGET_NAME = NativeSampleiOS;
			};
			name = Debug;
		};
		6BAA4DB722213B60007E7D90 /* Release */ = {
			isa = XCBuildConfiguration;
			buildSettings = {
				ALWAYS_EMBED_SWIFT_STANDARD_LIBRARIES = YES;
				CODE_SIGN_STYLE = Automatic;
				DEVELOPMENT_TEAM = TE5VXS8N2M;
				INFOPLIST_FILE = NativeSampleiOSUITests/Info.plist;
				LD_RUNPATH_SEARCH_PATHS = (
					"$(inherited)",
					"@executable_path/Frameworks",
					"@loader_path/Frameworks",
				);
				PRODUCT_BUNDLE_IDENTIFIER = com.flyingalpaca.NativeSampleiOSUITests;
				PRODUCT_NAME = "$(TARGET_NAME)";
				SWIFT_VERSION = 4.2;
				TARGETED_DEVICE_FAMILY = "1,2";
				TEST_TARGET_NAME = NativeSampleiOS;
			};
			name = Release;
		};
/* End XCBuildConfiguration section */

/* Begin XCConfigurationList section */
		6BAA4D8222213B5A007E7D90 /* Build configuration list for PBXProject "NativeSampleiOS" */ = {
			isa = XCConfigurationList;
			buildConfigurations = (
				6BAA4DAD22213B60007E7D90 /* Debug */,
				6BAA4DAE22213B60007E7D90 /* Release */,
			);
			defaultConfigurationIsVisible = 0;
			defaultConfigurationName = Release;
		};
		6BAA4DAF22213B60007E7D90 /* Build configuration list for PBXNativeTarget "NativeSampleiOS" */ = {
			isa = XCConfigurationList;
			buildConfigurations = (
				6BAA4DB022213B60007E7D90 /* Debug */,
				6BAA4DB122213B60007E7D90 /* Release */,
			);
			defaultConfigurationIsVisible = 0;
			defaultConfigurationName = Release;
		};
		6BAA4DB222213B60007E7D90 /* Build configuration list for PBXNativeTarget "NativeSampleiOSTests" */ = {
			isa = XCConfigurationList;
			buildConfigurations = (
				6BAA4DB322213B60007E7D90 /* Debug */,
				6BAA4DB422213B60007E7D90 /* Release */,
			);
			defaultConfigurationIsVisible = 0;
			defaultConfigurationName = Release;
		};
		6BAA4DB522213B60007E7D90 /* Build configuration list for PBXNativeTarget "NativeSampleiOSUITests" */ = {
			isa = XCConfigurationList;
			buildConfigurations = (
				6BAA4DB622213B60007E7D90 /* Debug */,
				6BAA4DB722213B60007E7D90 /* Release */,
			);
			defaultConfigurationIsVisible = 0;
			defaultConfigurationName = Release;
		};
/* End XCConfigurationList section */
	};
	rootObject = 6BAA4D7F22213B5A007E7D90 /* Project object */;
}
